
Microsoft Visual Studio Solution File, Format Version 12.00
# Visual Studio Version 16
VisualStudioVersion = 16.0.29201.188
MinimumVisualStudioVersion = 15.0.26124.0
Project("{9A19103F-16F7-4668-BE54-9A1E7A4F7556}") = "Account.API", "Account.API\Account.API.csproj", "{DF75331C-1EEA-4656-8C8C-44132323FB43}"
EndProject
Project("{9A19103F-16F7-4668-BE54-9A1E7A4F7556}") = "Friends.API", "Friends.API\Friends.API.csproj", "{853568D4-B773-420D-9669-5BD0005BD3FF}"
EndProject
Project("{9A19103F-16F7-4668-BE54-9A1E7A4F7556}") = "MusicLibrary.API", "MusicLibrary.API\MusicLibrary.API.csproj", "{5EEA4388-D09E-46B4-9DFD-8D057CD40AC6}"
EndProject
Project("{E53339B2-1760-4266-BCC7-CA923CBCF16C}") = "docker-compose", "docker-compose.dcproj", "{DBF9734E-BB10-4835-BB76-86B2F9A992F9}"
EndProject
Project("{9A19103F-16F7-4668-BE54-9A1E7A4F7556}") = "APIGateway", "APIGateway\APIGateway.csproj", "{BCADAC96-5FA0-4790-B723-730E8D591D2E}"
EndProject
Project("{9A19103F-16F7-4668-BE54-9A1E7A4F7556}") = "Consul.Register", "Consul.Register\Consul.Register.csproj", "{8E4DC0B1-E2CB-4A34-B6B8-ECAA2CBCA199}"
EndProject
Project("{9A19103F-16F7-4668-BE54-9A1E7A4F7556}") = "MongoDB.Common", "MongoDB.Common\MongoDB.Common.csproj", "{040B14D0-29EF-4083-BE52-6828D356FCD4}"
EndProject
Project("{E24C65DC-7377-472B-9ABA-BC803B73C61A}") = "MusicUI", "MusicUI\", "{71864448-8952-4F8A-A601-4CE7D306188D}"
	ProjectSection(WebsiteProperties) = preProject
		TargetFrameworkMoniker = ".NETFramework,Version%3Dv4.0"
		Debug.AspNetCompiler.VirtualPath = "/localhost_61515"
		Debug.AspNetCompiler.PhysicalPath = "MusicUI\"
		Debug.AspNetCompiler.TargetPath = "PrecompiledWeb\localhost_61515\"
		Debug.AspNetCompiler.Updateable = "true"
		Debug.AspNetCompiler.ForceOverwrite = "true"
		Debug.AspNetCompiler.FixedNames = "false"
		Debug.AspNetCompiler.Debug = "True"
		Release.AspNetCompiler.VirtualPath = "/localhost_61515"
		Release.AspNetCompiler.PhysicalPath = "MusicUI\"
		Release.AspNetCompiler.TargetPath = "PrecompiledWeb\localhost_61515\"
		Release.AspNetCompiler.Updateable = "true"
		Release.AspNetCompiler.ForceOverwrite = "true"
		Release.AspNetCompiler.FixedNames = "false"
		Release.AspNetCompiler.Debug = "False"
		VWDPort = "61515"
	EndProjectSection
EndProject
Global
	GlobalSection(SolutionConfigurationPlatforms) = preSolution
		Debug|Any CPU = Debug|Any CPU
		Debug|x64 = Debug|x64
		Debug|x86 = Debug|x86
		Release|Any CPU = Release|Any CPU
		Release|x64 = Release|x64
		Release|x86 = Release|x86
	EndGlobalSection
	GlobalSection(ProjectConfigurationPlatforms) = postSolution
		{DF75331C-1EEA-4656-8C8C-44132323FB43}.Debug|Any CPU.ActiveCfg = Debug|Any CPU
		{DF75331C-1EEA-4656-8C8C-44132323FB43}.Debug|Any CPU.Build.0 = Debug|Any CPU
		{DF75331C-1EEA-4656-8C8C-44132323FB43}.Debug|x64.ActiveCfg = Debug|Any CPU
		{DF75331C-1EEA-4656-8C8C-44132323FB43}.Debug|x64.Build.0 = Debug|Any CPU
		{DF75331C-1EEA-4656-8C8C-44132323FB43}.Debug|x86.ActiveCfg = Debug|Any CPU
		{DF75331C-1EEA-4656-8C8C-44132323FB43}.Debug|x86.Build.0 = Debug|Any CPU
		{DF75331C-1EEA-4656-8C8C-44132323FB43}.Release|Any CPU.ActiveCfg = Release|Any CPU
		{DF75331C-1EEA-4656-8C8C-44132323FB43}.Release|Any CPU.Build.0 = Release|Any CPU
		{DF75331C-1EEA-4656-8C8C-44132323FB43}.Release|x64.ActiveCfg = Release|Any CPU
		{DF75331C-1EEA-4656-8C8C-44132323FB43}.Release|x64.Build.0 = Release|Any CPU
		{DF75331C-1EEA-4656-8C8C-44132323FB43}.Release|x86.ActiveCfg = Release|Any CPU
		{DF75331C-1EEA-4656-8C8C-44132323FB43}.Release|x86.Build.0 = Release|Any CPU
		{853568D4-B773-420D-9669-5BD0005BD3FF}.Debug|Any CPU.ActiveCfg = Debug|Any CPU
		{853568D4-B773-420D-9669-5BD0005BD3FF}.Debug|Any CPU.Build.0 = Debug|Any CPU
		{853568D4-B773-420D-9669-5BD0005BD3FF}.Debug|x64.ActiveCfg = Debug|Any CPU
		{853568D4-B773-420D-9669-5BD0005BD3FF}.Debug|x64.Build.0 = Debug|Any CPU
		{853568D4-B773-420D-9669-5BD0005BD3FF}.Debug|x86.ActiveCfg = Debug|Any CPU
		{853568D4-B773-420D-9669-5BD0005BD3FF}.Debug|x86.Build.0 = Debug|Any CPU
		{853568D4-B773-420D-9669-5BD0005BD3FF}.Release|Any CPU.ActiveCfg = Release|Any CPU
		{853568D4-B773-420D-9669-5BD0005BD3FF}.Release|Any CPU.Build.0 = Release|Any CPU
		{853568D4-B773-420D-9669-5BD0005BD3FF}.Release|x64.ActiveCfg = Release|Any CPU
		{853568D4-B773-420D-9669-5BD0005BD3FF}.Release|x64.Build.0 = Release|Any CPU
		{853568D4-B773-420D-9669-5BD0005BD3FF}.Release|x86.ActiveCfg = Release|Any CPU
		{853568D4-B773-420D-9669-5BD0005BD3FF}.Release|x86.Build.0 = Release|Any CPU
		{5EEA4388-D09E-46B4-9DFD-8D057CD40AC6}.Debug|Any CPU.ActiveCfg = Debug|Any CPU
		{5EEA4388-D09E-46B4-9DFD-8D057CD40AC6}.Debug|Any CPU.Build.0 = Debug|Any CPU
		{5EEA4388-D09E-46B4-9DFD-8D057CD40AC6}.Debug|x64.ActiveCfg = Debug|Any CPU
		{5EEA4388-D09E-46B4-9DFD-8D057CD40AC6}.Debug|x64.Build.0 = Debug|Any CPU
		{5EEA4388-D09E-46B4-9DFD-8D057CD40AC6}.Debug|x86.ActiveCfg = Debug|Any CPU
		{5EEA4388-D09E-46B4-9DFD-8D057CD40AC6}.Debug|x86.Build.0 = Debug|Any CPU
		{5EEA4388-D09E-46B4-9DFD-8D057CD40AC6}.Release|Any CPU.ActiveCfg = Release|Any CPU
		{5EEA4388-D09E-46B4-9DFD-8D057CD40AC6}.Release|Any CPU.Build.0 = Release|Any CPU
		{5EEA4388-D09E-46B4-9DFD-8D057CD40AC6}.Release|x64.ActiveCfg = Release|Any CPU
		{5EEA4388-D09E-46B4-9DFD-8D057CD40AC6}.Release|x64.Build.0 = Release|Any CPU
		{5EEA4388-D09E-46B4-9DFD-8D057CD40AC6}.Release|x86.ActiveCfg = Release|Any CPU
		{5EEA4388-D09E-46B4-9DFD-8D057CD40AC6}.Release|x86.Build.0 = Release|Any CPU
		{DBF9734E-BB10-4835-BB76-86B2F9A992F9}.Debug|Any CPU.ActiveCfg = Debug|Any CPU
		{DBF9734E-BB10-4835-BB76-86B2F9A992F9}.Debug|Any CPU.Build.0 = Debug|Any CPU
		{DBF9734E-BB10-4835-BB76-86B2F9A992F9}.Debug|x64.ActiveCfg = Debug|Any CPU
		{DBF9734E-BB10-4835-BB76-86B2F9A992F9}.Debug|x64.Build.0 = Debug|Any CPU
		{DBF9734E-BB10-4835-BB76-86B2F9A992F9}.Debug|x86.ActiveCfg = Debug|Any CPU
		{DBF9734E-BB10-4835-BB76-86B2F9A992F9}.Debug|x86.Build.0 = Debug|Any CPU
		{DBF9734E-BB10-4835-BB76-86B2F9A992F9}.Release|Any CPU.ActiveCfg = Release|Any CPU
		{DBF9734E-BB10-4835-BB76-86B2F9A992F9}.Release|Any CPU.Build.0 = Release|Any CPU
		{DBF9734E-BB10-4835-BB76-86B2F9A992F9}.Release|x64.ActiveCfg = Release|Any CPU
		{DBF9734E-BB10-4835-BB76-86B2F9A992F9}.Release|x64.Build.0 = Release|Any CPU
		{DBF9734E-BB10-4835-BB76-86B2F9A992F9}.Release|x86.ActiveCfg = Release|Any CPU
		{DBF9734E-BB10-4835-BB76-86B2F9A992F9}.Release|x86.Build.0 = Release|Any CPU
		{BCADAC96-5FA0-4790-B723-730E8D591D2E}.Debug|Any CPU.ActiveCfg = Debug|Any CPU
		{BCADAC96-5FA0-4790-B723-730E8D591D2E}.Debug|Any CPU.Build.0 = Debug|Any CPU
		{BCADAC96-5FA0-4790-B723-730E8D591D2E}.Debug|x64.ActiveCfg = Debug|Any CPU
		{BCADAC96-5FA0-4790-B723-730E8D591D2E}.Debug|x64.Build.0 = Debug|Any CPU
		{BCADAC96-5FA0-4790-B723-730E8D591D2E}.Debug|x86.ActiveCfg = Debug|Any CPU
		{BCADAC96-5FA0-4790-B723-730E8D591D2E}.Debug|x86.Build.0 = Debug|Any CPU
		{BCADAC96-5FA0-4790-B723-730E8D591D2E}.Release|Any CPU.ActiveCfg = Release|Any CPU
		{BCADAC96-5FA0-4790-B723-730E8D591D2E}.Release|Any CPU.Build.0 = Release|Any CPU
		{BCADAC96-5FA0-4790-B723-730E8D591D2E}.Release|x64.ActiveCfg = Release|Any CPU
		{BCADAC96-5FA0-4790-B723-730E8D591D2E}.Release|x64.Build.0 = Release|Any CPU
		{BCADAC96-5FA0-4790-B723-730E8D591D2E}.Release|x86.ActiveCfg = Release|Any CPU
		{BCADAC96-5FA0-4790-B723-730E8D591D2E}.Release|x86.Build.0 = Release|Any CPU
		{8E4DC0B1-E2CB-4A34-B6B8-ECAA2CBCA199}.Debug|Any CPU.ActiveCfg = Debug|Any CPU
		{8E4DC0B1-E2CB-4A34-B6B8-ECAA2CBCA199}.Debug|Any CPU.Build.0 = Debug|Any CPU
		{8E4DC0B1-E2CB-4A34-B6B8-ECAA2CBCA199}.Debug|x64.ActiveCfg = Debug|Any CPU
		{8E4DC0B1-E2CB-4A34-B6B8-ECAA2CBCA199}.Debug|x64.Build.0 = Debug|Any CPU
		{8E4DC0B1-E2CB-4A34-B6B8-ECAA2CBCA199}.Debug|x86.ActiveCfg = Debug|Any CPU
		{8E4DC0B1-E2CB-4A34-B6B8-ECAA2CBCA199}.Debug|x86.Build.0 = Debug|Any CPU
		{8E4DC0B1-E2CB-4A34-B6B8-ECAA2CBCA199}.Release|Any CPU.ActiveCfg = Release|Any CPU
		{8E4DC0B1-E2CB-4A34-B6B8-ECAA2CBCA199}.Release|Any CPU.Build.0 = Release|Any CPU
		{8E4DC0B1-E2CB-4A34-B6B8-ECAA2CBCA199}.Release|x64.ActiveCfg = Release|Any CPU
		{8E4DC0B1-E2CB-4A34-B6B8-ECAA2CBCA199}.Release|x64.Build.0 = Release|Any CPU
		{8E4DC0B1-E2CB-4A34-B6B8-ECAA2CBCA199}.Release|x86.ActiveCfg = Release|Any CPU
		{8E4DC0B1-E2CB-4A34-B6B8-ECAA2CBCA199}.Release|x86.Build.0 = Release|Any CPU
		{040B14D0-29EF-4083-BE52-6828D356FCD4}.Debug|Any CPU.ActiveCfg = Debug|Any CPU
		{040B14D0-29EF-4083-BE52-6828D356FCD4}.Debug|Any CPU.Build.0 = Debug|Any CPU
		{040B14D0-29EF-4083-BE52-6828D356FCD4}.Debug|x64.ActiveCfg = Debug|Any CPU
		{040B14D0-29EF-4083-BE52-6828D356FCD4}.Debug|x64.Build.0 = Debug|Any CPU
		{040B14D0-29EF-4083-BE52-6828D356FCD4}.Debug|x86.ActiveCfg = Debug|Any CPU
		{040B14D0-29EF-4083-BE52-6828D356FCD4}.Debug|x86.Build.0 = Debug|Any CPU
		{040B14D0-29EF-4083-BE52-6828D356FCD4}.Release|Any CPU.ActiveCfg = Release|Any CPU
		{040B14D0-29EF-4083-BE52-6828D356FCD4}.Release|Any CPU.Build.0 = Release|Any CPU
		{040B14D0-29EF-4083-BE52-6828D356FCD4}.Release|x64.ActiveCfg = Release|Any CPU
		{040B14D0-29EF-4083-BE52-6828D356FCD4}.Release|x64.Build.0 = Release|Any CPU
		{040B14D0-29EF-4083-BE52-6828D356FCD4}.Release|x86.ActiveCfg = Release|Any CPU
		{040B14D0-29EF-4083-BE52-6828D356FCD4}.Release|x86.Build.0 = Release|Any CPU
		{71864448-8952-4F8A-A601-4CE7D306188D}.Debug|Any CPU.ActiveCfg = Debug|Any CPU
		{71864448-8952-4F8A-A601-4CE7D306188D}.Debug|Any CPU.Build.0 = Debug|Any CPU
		{71864448-8952-4F8A-A601-4CE7D306188D}.Debug|x64.ActiveCfg = Debug|Any CPU
		{71864448-8952-4F8A-A601-4CE7D306188D}.Debug|x64.Build.0 = Debug|Any CPU
		{71864448-8952-4F8A-A601-4CE7D306188D}.Debug|x86.ActiveCfg = Debug|Any CPU
		{71864448-8952-4F8A-A601-4CE7D306188D}.Debug|x86.Build.0 = Debug|Any CPU
		{71864448-8952-4F8A-A601-4CE7D306188D}.Release|Any CPU.ActiveCfg = Debug|Any CPU
		{71864448-8952-4F8A-A601-4CE7D306188D}.Release|Any CPU.Build.0 = Debug|Any CPU
		{71864448-8952-4F8A-A601-4CE7D306188D}.Release|x64.ActiveCfg = Debug|Any CPU
		{71864448-8952-4F8A-A601-4CE7D306188D}.Release|x64.Build.0 = Debug|Any CPU
		{71864448-8952-4F8A-A601-4CE7D306188D}.Release|x86.ActiveCfg = Debug|Any CPU
		{71864448-8952-4F8A-A601-4CE7D306188D}.Release|x86.Build.0 = Debug|Any CPU
	EndGlobalSection
	GlobalSection(SolutionProperties) = preSolution
		HideSolutionNode = FALSE
	EndGlobalSection
	GlobalSection(ExtensibilityGlobals) = postSolution
		SolutionGuid = {D3393A83-E0EE-4965-841D-68C35FD308B8}
	EndGlobalSection
EndGlobal
